
Microsoft Visual Studio Solution File, Format Version 12.00
# Visual Studio Version 17
VisualStudioVersion = 17.3.32901.215
MinimumVisualStudioVersion = 10.0.40219.1
Project("{FAE04EC0-301F-11D3-BF4B-00C04F79EFBC}") = "SearchAlgorithm", "SearchAlgorithm\SearchAlgorithm.csproj", "{CA4B4815-3BF2-4616-8F0C-FD48B6A5B75C}"
EndProject
Global
	GlobalSection(SolutionConfigurationPlatforms) = preSolution
		Debug|Any CPU = Debug|Any CPU
		Release|Any CPU = Release|Any CPU
	EndGlobalSection
	GlobalSection(ProjectConfigurationPlatforms) = postSolution
		{CA4B4815-3BF2-4616-8F0C-FD48B6A5B75C}.Debug|Any CPU.ActiveCfg = Debug|Any CPU
		{CA4B4815-3BF2-4616-8F0C-FD48B6A5B75C}.Debug|Any CPU.Build.0 = Debug|Any CPU
		{CA4B4815-3BF2-4616-8F0C-FD48B6A5B75C}.Release|Any CPU.ActiveCfg = Release|Any CPU
		{CA4B4815-3BF2-4616-8F0C-FD48B6A5B75C}.Release|Any CPU.Build.0 = Release|Any CPU
	EndGlobalSection
	GlobalSection(SolutionProperties) = preSolution
		HideSolutionNode = FALSE
	EndGlobalSection
	GlobalSection(ExtensibilityGlobals) = postSolution
		SolutionGuid = {350D9B3B-F66B-4622-86D3-0EE89D94745C}
	EndGlobalSection
EndGlobal
